{
  "pins" : [
    {
      "identity" : "image",
      "kind" : "remoteSourceControl",
      "location" : "https://github.com/coollazy/Image.git",
      "state" : {
        "revision" : "9d4fa257ba730586ed5acadbbf8b157b471fd179",
        "version" : "1.2.1"
      }
    },
    {
      "identity" : "zipfoundation",
      "kind" : "remoteSourceControl",
      "location" : "https://github.com/coollazy/ZIPFoundation.git",
      "state" : {
        "revision" : "e9b1917bd4d7d050e0ff4ec157b5d6e253c84385",
        "version" : "0.9.20"
      }
    }
  ],
  "version" : 2
}
